
Microsoft Visual Studio Solution File, Format Version 12.00
# Visual Studio 14
VisualStudioVersion = 14.0.25420.1
MinimumVisualStudioVersion = 10.0.40219.1
Project("{CC5FD16D-436D-48AD-A40C-5A424C6E3E79}") = "AzureWorkerRole", "AzureWorkerRole\AzureWorkerRole.ccproj", "{B70F0DFA-1C3B-43BC-95FE-9B1DB53B2220}"
EndProject
Project("{FAE04EC0-301F-11D3-BF4B-00C04F79EFBC}") = "EventRegistrationWorkerRole", "EventRegistrationWorkerRole\EventRegistrationWorkerRole.csproj", "{D66DDD86-598B-4735-A5C4-75C9409666D4}"
EndProject
Project("{FAE04EC0-301F-11D3-BF4B-00C04F79EFBC}") = "EventRegistrationServiceContracts", "EventRegistrationServiceContracts\EventRegistrationServiceContracts.csproj", "{4F4E2FD5-9E35-4DC4-991F-7402C7509AA6}"
EndProject
Global
	GlobalSection(SolutionConfigurationPlatforms) = preSolution
		Debug|Any CPU = Debug|Any CPU
		Release|Any CPU = Release|Any CPU
	EndGlobalSection
	GlobalSection(ProjectConfigurationPlatforms) = postSolution
		{B70F0DFA-1C3B-43BC-95FE-9B1DB53B2220}.Debug|Any CPU.ActiveCfg = Debug|Any CPU
		{B70F0DFA-1C3B-43BC-95FE-9B1DB53B2220}.Debug|Any CPU.Build.0 = Debug|Any CPU
		{B70F0DFA-1C3B-43BC-95FE-9B1DB53B2220}.Release|Any CPU.ActiveCfg = Release|Any CPU
		{B70F0DFA-1C3B-43BC-95FE-9B1DB53B2220}.Release|Any CPU.Build.0 = Release|Any CPU
		{D66DDD86-598B-4735-A5C4-75C9409666D4}.Debug|Any CPU.ActiveCfg = Debug|Any CPU
		{D66DDD86-598B-4735-A5C4-75C9409666D4}.Debug|Any CPU.Build.0 = Debug|Any CPU
		{D66DDD86-598B-4735-A5C4-75C9409666D4}.Release|Any CPU.ActiveCfg = Release|Any CPU
		{D66DDD86-598B-4735-A5C4-75C9409666D4}.Release|Any CPU.Build.0 = Release|Any CPU
		{4F4E2FD5-9E35-4DC4-991F-7402C7509AA6}.Debug|Any CPU.ActiveCfg = Debug|Any CPU
		{4F4E2FD5-9E35-4DC4-991F-7402C7509AA6}.Debug|Any CPU.Build.0 = Debug|Any CPU
		{4F4E2FD5-9E35-4DC4-991F-7402C7509AA6}.Release|Any CPU.ActiveCfg = Release|Any CPU
		{4F4E2FD5-9E35-4DC4-991F-7402C7509AA6}.Release|Any CPU.Build.0 = Release|Any CPU
	EndGlobalSection
	GlobalSection(SolutionProperties) = preSolution
		HideSolutionNode = FALSE
	EndGlobalSection
EndGlobal
